// !$*UTF8*$!
{
	archiveVersion = 1;
	classes = {
	};
	objectVersion = 46;
	objects = {

/* Begin PBXBuildFile section */
		B1F7ECDA1A6B121300D6111E /* AppDelegate.swift in Sources */ = {isa = PBXBuildFile; fileRef = B1F7ECD91A6B121300D6111E /* AppDelegate.swift */; };
		B1F7ECDC1A6B121300D6111E /* ViewController.swift in Sources */ = {isa = PBXBuildFile; fileRef = B1F7ECDB1A6B121300D6111E /* ViewController.swift */; };
		B1F7ECDF1A6B121300D6111E /* Main.storyboard in Resources */ = {isa = PBXBuildFile; fileRef = B1F7ECDD1A6B121300D6111E /* Main.storyboard */; };
		B1F7ECE11A6B121300D6111E /* Images.xcassets in Resources */ = {isa = PBXBuildFile; fileRef = B1F7ECE01A6B121300D6111E /* Images.xcassets */; };
		B1F7ECE41A6B121300D6111E /* LaunchScreen.xib in Resources */ = {isa = PBXBuildFile; fileRef = B1F7ECE21A6B121300D6111E /* LaunchScreen.xib */; };
		B1F7ECF01A6B121300D6111E /* tipsTests.swift in Sources */ = {isa = PBXBuildFile; fileRef = B1F7ECEF1A6B121300D6111E /* tipsTests.swift */; };
/* End PBXBuildFile section */

/* Begin PBXContainerItemProxy section */
		B1F7ECEA1A6B121300D6111E /* PBXContainerItemProxy */ = {
			isa = PBXContainerItemProxy;
			containerPortal = B1F7ECCC1A6B121300D6111E /* Project object */;
			proxyType = 1;
			remoteGlobalIDString = B1F7ECD31A6B121300D6111E;
			remoteInfo = tips;
		};
/* End PBXContainerItemProxy section */

/* Begin PBXFileReference section */
		B1F7ECD41A6B121300D6111E /* tips.app */ = {isa = PBXFileReference; explicitFileType = wrapper.application; includeInIndex = 0; path = tips.app; sourceTree = BUILT_PRODUCTS_DIR; };
		B1F7ECD81A6B121300D6111E /* Info.plist */ = {isa = PBXFileReference; lastKnownFileType = text.plist.xml; path = Info.plist; sourceTree = "<group>"; };
		B1F7ECD91A6B121300D6111E /* AppDelegate.swift */ = {isa = PBXFileReference; lastKnownFileType = sourcecode.swift; path = AppDelegate.swift; sourceTree = "<group>"; };
		B1F7ECDB1A6B121300D6111E /* ViewController.swift */ = {isa = PBXFileReference; lastKnownFileType = sourcecode.swift; path = ViewController.swift; sourceTree = "<group>"; };
		B1F7ECDE1A6B121300D6111E /* Base */ = {isa = PBXFileReference; lastKnownFileType = file.storyboard; name = Base; path = Base.lproj/Main.storyboard; sourceTree = "<group>"; };
		B1F7ECE01A6B121300D6111E /* Images.xcassets */ = {isa = PBXFileReference; lastKnownFileType = folder.assetcatalog; path = Images.xcassets; sourceTree = "<group>"; };
		B1F7ECE31A6B121300D6111E /* Base */ = {isa = PBXFileReference; lastKnownFileType = file.xib; name = Base; path = Base.lproj/LaunchScreen.xib; sourceTree = "<group>"; };
		B1F7ECE91A6B121300D6111E /* tipsTests.xctest */ = {isa = PBXFileReference; explicitFileType = wrapper.cfbundle; includeInIndex = 0; path = tipsTests.xctest; sourceTree = BUILT_PRODUCTS_DIR; };
		B1F7ECEE1A6B121300D6111E /* Info.plist */ = {isa = PBXFileReference; lastKnownFileType = text.plist.xml; path = Info.plist; sourceTree = "<group>"; };
		B1F7ECEF1A6B121300D6111E /* tipsTests.swift */ = {isa = PBXFileReference; lastKnownFileType = sourcecode.swift; path = tipsTests.swift; sourceTree = "<group>"; };
/* End PBXFileReference section */

/* Begin PBXFrameworksBuildPhase section */
		B1F7ECD11A6B121300D6111E /* Frameworks */ = {
			isa = PBXFrameworksBuildPhase;
			buildActionMask = 2147483647;
			files = (
			);
			runOnlyForDeploymentPostprocessing = 0;
		};
		B1F7ECE61A6B121300D6111E /* Frameworks */ = {
			isa = PBXFrameworksBuildPhase;
			buildActionMask = 2147483647;
			files = (
			);
			runOnlyForDeploymentPostprocessing = 0;
		};
/* End PBXFrameworksBuildPhase section */

/* Begin PBXGroup section */
		B1F7ECCB1A6B121300D6111E = {
			isa = PBXGroup;
			children = (
				B1F7ECD61A6B121300D6111E /* tips */,
				B1F7ECEC1A6B121300D6111E /* tipsTests */,
				B1F7ECD51A6B121300D6111E /* Products */,
			);
			sourceTree = "<group>";
		};
		B1F7ECD51A6B121300D6111E /* Products */ = {
			isa = PBXGroup;
			children = (
				B1F7ECD41A6B121300D6111E /* tips.app */,
				B1F7ECE91A6B121300D6111E /* tipsTests.xctest */,
			);
			name = Products;
			sourceTree = "<group>";
		};
		B1F7ECD61A6B121300D6111E /* tips */ = {
			isa = PBXGroup;
			children = (
				B1F7ECD91A6B121300D6111E /* AppDelegate.swift */,
				B1F7ECDB1A6B121300D6111E /* ViewController.swift */,
				B1F7ECDD1A6B121300D6111E /* Main.storyboard */,
				B1F7ECE01A6B121300D6111E /* Images.xcassets */,
				B1F7ECE21A6B121300D6111E /* LaunchScreen.xib */,
				B1F7ECD71A6B121300D6111E /* Supporting Files */,
			);
			path = tips;
			sourceTree = "<group>";
		};
		B1F7ECD71A6B121300D6111E /* Supporting Files */ = {
			isa = PBXGroup;
			children = (
				B1F7ECD81A6B121300D6111E /* Info.plist */,
			);
			name = "Supporting Files";
			sourceTree = "<group>";
		};
		B1F7ECEC1A6B121300D6111E /* tipsTests */ = {
			isa = PBXGroup;
			children = (
				B1F7ECEF1A6B121300D6111E /* tipsTests.swift */,
				B1F7ECED1A6B121300D6111E /* Supporting Files */,
			);
			path = tipsTests;
			sourceTree = "<group>";
		};
		B1F7ECED1A6B121300D6111E /* Supporting Files */ = {
			isa = PBXGroup;
			children = (
				B1F7ECEE1A6B121300D6111E /* Info.plist */,
			);
			name = "Supporting Files";
			sourceTree = "<group>";
		};
/* End PBXGroup section */

/* Begin PBXNativeTarget section */
		B1F7ECD31A6B121300D6111E /* tips */ = {
			isa = PBXNativeTarget;
			buildConfigurationList = B1F7ECF31A6B121300D6111E /* Build configuration list for PBXNativeTarget "tips" */;
			buildPhases = (
				B1F7ECD01A6B121300D6111E /* Sources */,
				B1F7ECD11A6B121300D6111E /* Frameworks */,
				B1F7ECD21A6B121300D6111E /* Resources */,
			);
			buildRules = (
			);
			dependencies = (
			);
			name = tips;
			productName = tips;
			productReference = B1F7ECD41A6B121300D6111E /* tips.app */;
			productType = "com.apple.product-type.application";
		};
		B1F7ECE81A6B121300D6111E /* tipsTests */ = {
			isa = PBXNativeTarget;
			buildConfigurationList = B1F7ECF61A6B121300D6111E /* Build configuration list for PBXNativeTarget "tipsTests" */;
			buildPhases = (
				B1F7ECE51A6B121300D6111E /* Sources */,
				B1F7ECE61A6B121300D6111E /* Frameworks */,
				B1F7ECE71A6B121300D6111E /* Resources */,
			);
			buildRules = (
			);
			dependencies = (
				B1F7ECEB1A6B121300D6111E /* PBXTargetDependency */,
			);
			name = tipsTests;
			productName = tipsTests;
			productReference = B1F7ECE91A6B121300D6111E /* tipsTests.xctest */;
			productType = "com.apple.product-type.bundle.unit-test";
		};
/* End PBXNativeTarget section */

/* Begin PBXProject section */
		B1F7ECCC1A6B121300D6111E /* Project object */ = {
			isa = PBXProject;
			attributes = {
				LastUpgradeCheck = 0610;
				ORGANIZATIONNAME = "Abhay Gupta";
				TargetAttributes = {
					B1F7ECD31A6B121300D6111E = {
						CreatedOnToolsVersion = 6.1.1;
					};
					B1F7ECE81A6B121300D6111E = {
						CreatedOnToolsVersion = 6.1.1;
						TestTargetID = B1F7ECD31A6B121300D6111E;
					};
				};
			};
			buildConfigurationList = B1F7ECCF1A6B121300D6111E /* Build configuration list for PBXProject "tips" */;
			compatibilityVersion = "Xcode 3.2";
			developmentRegion = English;
			hasScannedForEncodings = 0;
			knownRegions = (
				en,
				Base,
			);
			mainGroup = B1F7ECCB1A6B121300D6111E;
			productRefGroup = B1F7ECD51A6B121300D6111E /* Products */;
			projectDirPath = "";
			projectRoot = "";
			targets = (
				B1F7ECD31A6B121300D6111E /* tips */,
				B1F7ECE81A6B121300D6111E /* tipsTests */,
			);
		};
/* End PBXProject section */

/* Begin PBXResourcesBuildPhase section */
		B1F7ECD21A6B121300D6111E /* Resources */ = {
			isa = PBXResourcesBuildPhase;
			buildActionMask = 2147483647;
			files = (
				B1F7ECDF1A6B121300D6111E /* Main.storyboard in Resources */,
				B1F7ECE41A6B121300D6111E /* LaunchScreen.xib in Resources */,
				B1F7ECE11A6B121300D6111E /* Images.xcassets in Resources */,
			);
			runOnlyForDeploymentPostprocessing = 0;
		};
		B1F7ECE71A6B121300D6111E /* Resources */ = {
			isa = PBXResourcesBuildPhase;
			buildActionMask = 2147483647;
			files = (
			);
			runOnlyForDeploymentPostprocessing = 0;
		};
/* End PBXResourcesBuildPhase section */

/* Begin PBXSourcesBuildPhase section */
		B1F7ECD01A6B121300D6111E /* Sources */ = {
			isa = PBXSourcesBuildPhase;
			buildActionMask = 2147483647;
			files = (
				B1F7ECDC1A6B121300D6111E /* ViewController.swift in Sources */,
				B1F7ECDA1A6B121300D6111E /* AppDelegate.swift in Sources */,
			);
			runOnlyForDeploymentPostprocessing = 0;
		};
		B1F7ECE51A6B121300D6111E /* Sources */ = {
			isa = PBXSourcesBuildPhase;
			buildActionMask = 2147483647;
			files = (
				B1F7ECF01A6B121300D6111E /* tipsTests.swift in Sources */,
			);
			runOnlyForDeploymentPostprocessing = 0;
		};
/* End PBXSourcesBuildPhase section */

/* Begin PBXTargetDependency section */
		B1F7ECEB1A6B121300D6111E /* PBXTargetDependency */ = {
			isa = PBXTargetDependency;
			target = B1F7ECD31A6B121300D6111E /* tips */;
			targetProxy = B1F7ECEA1A6B121300D6111E /* PBXContainerItemProxy */;
		};
/* End PBXTargetDependency section */

/* Begin PBXVariantGroup section */
		B1F7ECDD1A6B121300D6111E /* Main.storyboard */ = {
			isa = PBXVariantGroup;
			children = (
				B1F7ECDE1A6B121300D6111E /* Base */,
			);
			name = Main.storyboard;
			sourceTree = "<group>";
		};
		B1F7ECE21A6B121300D6111E /* LaunchScreen.xib */ = {
			isa = PBXVariantGroup;
			children = (
				B1F7ECE31A6B121300D6111E /* Base */,
			);
			name = LaunchScreen.xib;
			sourceTree = "<group>";
		};
/* End PBXVariantGroup section */

/* Begin XCBuildConfiguration section */
		B1F7ECF11A6B121300D6111E /* Debug */ = {
			isa = XCBuildConfiguration;
			buildSettings = {
				ALWAYS_SEARCH_USER_PATHS = NO;
				CLANG_CXX_LANGUAGE_STANDARD = "gnu++0x";
				CLANG_CXX_LIBRARY = "libc++";
				CLANG_ENABLE_MODULES = YES;
				CLANG_ENABLE_OBJC_ARC = YES;
				CLANG_WARN_BOOL_CONVERSION = YES;
				CLANG_WARN_CONSTANT_CONVERSION = YES;
				CLANG_WARN_DIRECT_OBJC_ISA_USAGE = YES_ERROR;
				CLANG_WARN_EMPTY_BODY = YES;
				CLANG_WARN_ENUM_CONVERSION = YES;
				CLANG_WARN_INT_CONVERSION = YES;
				CLANG_WARN_OBJC_ROOT_CLASS = YES_ERROR;
				CLANG_WARN_UNREACHABLE_CODE = YES;
				CLANG_WARN__DUPLICATE_METHOD_MATCH = YES;
				"CODE_SIGN_IDENTITY[sdk=iphoneos*]" = "iPhone Developer";
				COPY_PHASE_STRIP = NO;
				ENABLE_STRICT_OBJC_MSGSEND = YES;
				GCC_C_LANGUAGE_STANDARD = gnu99;
				GCC_DYNAMIC_NO_PIC = NO;
				GCC_OPTIMIZATION_LEVEL = 0;
				GCC_PREPROCESSOR_DEFINITIONS = (
					"DEBUG=1",
					"$(inherited)",
				);
				GCC_SYMBOLS_PRIVATE_EXTERN = NO;
				GCC_WARN_64_TO_32_BIT_CONVERSION = YES;
				GCC_WARN_ABOUT_RETURN_TYPE = YES_ERROR;
				GCC_WARN_UNDECLARED_SELECTOR = YES;
				GCC_WARN_UNINITIALIZED_AUTOS = YES_AGGRESSIVE;
				GCC_WARN_UNUSED_FUNCTION = YES;
				GCC_WARN_UNUSED_VARIABLE = YES;
				IPHONEOS_DEPLOYMENT_TARGET = 8.1;
				MTL_ENABLE_DEBUG_INFO = YES;
				ONLY_ACTIVE_ARCH = YES;
				SDKROOT = iphoneos;
				SWIFT_OPTIMIZATION_LEVEL = "-Onone";
			};
			name = Debug;
		};
		B1F7ECF21A6B121300D6111E /* Release */ = {
			isa = XCBuildConfiguration;
			buildSettings = {
				ALWAYS_SEARCH_USER_PATHS = NO;
				CLANG_CXX_LANGUAGE_STANDARD = "gnu++0x";
				CLANG_CXX_LIBRARY = "libc++";
				CLANG_ENABLE_MODULES = YES;
				CLANG_ENABLE_OBJC_ARC = YES;
				CLANG_WARN_BOOL_CONVERSION = YES;
				CLANG_WARN_CONSTANT_CONVERSION = YES;
				CLANG_WARN_DIRECT_OBJC_ISA_USAGE = YES_ERROR;
				CLANG_WARN_EMPTY_BODY = YES;
				CLANG_WARN_ENUM_CONVERSION = YES;
				CLANG_WARN_INT_CONVERSION = YES;
				CLANG_WARN_OBJC_ROOT_CLASS = YES_ERROR;
				CLANG_WARN_UNREACHABLE_CODE = YES;
				CLANG_WARN__DUPLICATE_METHOD_MATCH = YES;
				"CODE_SIGN_IDENTITY[sdk=iphoneos*]" = "iPhone Developer";
				COPY_PHASE_STRIP = YES;
				ENABLE_NS_ASSERTIONS = NO;
				ENABLE_STRICT_OBJC_MSGSEND = YES;
				GCC_C_LANGUAGE_STANDARD = gnu99;
				GCC_WARN_64_TO_32_BIT_CONVERSION = YES;
				GCC_WARN_ABOUT_RETURN_TYPE = YES_ERROR;
				GCC_WARN_UNDECLARED_SELECTOR = YES;
				GCC_WARN_UNINITIALIZED_AUTOS = YES_AGGRESSIVE;
				GCC_WARN_UNUSED_FUNCTION = YES;
				GCC_WARN_UNUSED_VARIABLE = YES;
				IPHONEOS_DEPLOYMENT_TARGET = 8.1;
				MTL_ENABLE_DEBUG_INFO = NO;
				SDKROOT = iphoneos;
				VALIDATE_PRODUCT = YES;
			};
			name = Release;
		};
		B1F7ECF41A6B121300D6111E /* Debug */ = {
			isa = XCBuildConfiguration;
			buildSettings = {
				ASSETCATALOG_COMPILER_APPICON_NAME = AppIcon;
				INFOPLIST_FILE = tips/Info.plist;
				LD_RUNPATH_SEARCH_PATHS = "$(inherited) @executable_path/Frameworks";
				PRODUCT_NAME = "$(TARGET_NAME)";
			};
			name = Debug;
		};
		B1F7ECF51A6B121300D6111E /* Release */ = {
			isa = XCBuildConfiguration;
			buildSettings = {
				ASSETCATALOG_COMPILER_APPICON_NAME = AppIcon;
				INFOPLIST_FILE = tips/Info.plist;
				LD_RUNPATH_SEARCH_PATHS = "$(inherited) @executable_path/Frameworks";
				PRODUCT_NAME = "$(TARGET_NAME)";
			};
			name = Release;
		};
		B1F7ECF71A6B121300D6111E /* Debug */ = {
			isa = XCBuildConfiguration;
			buildSettings = {
				BUNDLE_LOADER = "$(TEST_HOST)";
				FRAMEWORK_SEARCH_PATHS = (
					"$(SDKROOT)/Developer/Library/Frameworks",
					"$(inherited)",
				);
				GCC_PREPROCESSOR_DEFINITIONS = (
					"DEBUG=1",
					"$(inherited)",
				);
				INFOPLIST_FILE = tipsTests/Info.plist;
				LD_RUNPATH_SEARCH_PATHS = "$(inherited) @executable_path/Frameworks @loader_path/Frameworks";
				PRODUCT_NAME = "$(TARGET_NAME)";
				TEST_HOST = "$(BUILT_PRODUCTS_DIR)/tips.app/tips";
			};
			name = Debug;
		};
		B1F7ECF81A6B121300D6111E /* Release */ = {
			isa = XCBuildConfiguration;
			buildSettings = {
				BUNDLE_LOADER = "$(TEST_HOST)";
				FRAMEWORK_SEARCH_PATHS = (
					"$(SDKROOT)/Developer/Library/Frameworks",
					"$(inherited)",
				);
				INFOPLIST_FILE = tipsTests/Info.plist;
				LD_RUNPATH_SEARCH_PATHS = "$(inherited) @executable_path/Frameworks @loader_path/Frameworks";
				PRODUCT_NAME = "$(TARGET_NAME)";
				TEST_HOST = "$(BUILT_PRODUCTS_DIR)/tips.app/tips";
			};
			name = Release;
		};
/* End XCBuildConfiguration section */

/* Begin XCConfigurationList section */
		B1F7ECCF1A6B121300D6111E /* Build configuration list for PBXProject "tips" */ = {
			isa = XCConfigurationList;
			buildConfigurations = (
				B1F7ECF11A6B121300D6111E /* Debug */,
				B1F7ECF21A6B121300D6111E /* Release */,
			);
			defaultConfigurationIsVisible = 0;
			defaultConfigurationName = Release;
		};
		B1F7ECF31A6B121300D6111E /* Build configuration list for PBXNativeTarget "tips" */ = {
			isa = XCConfigurationList;
			buildConfigurations = (
				B1F7ECF41A6B121300D6111E /* Debug */,
				B1F7ECF51A6B121300D6111E /* Release */,
			);
			defaultConfigurationIsVisible = 0;
		};
		B1F7ECF61A6B121300D6111E /* Build configuration list for PBXNativeTarget "tipsTests" */ = {
			isa = XCConfigurationList;
			buildConfigurations = (
				B1F7ECF71A6B121300D6111E /* Debug */,
				B1F7ECF81A6B121300D6111E /* Release */,
			);
			defaultConfigurationIsVisible = 0;
		};
/* End XCConfigurationList section */
	};
	rootObject = B1F7ECCC1A6B121300D6111E /* Project object */;
}
